
Microsoft Visual Studio Solution File, Format Version 12.00
# Visual Studio 15
VisualStudioVersion = 15.0.28307.271
MinimumVisualStudioVersion = 10.0.40219.1
Project("{9092AA53-FB77-4645-B42D-1CCCA6BD08BD}") = "MovieDB", "MovieDB.njsproj", "{00FFDBFF-2D52-4AE3-86EA-1415CBB83E87}"
EndProject
Global
	GlobalSection(SolutionConfigurationPlatforms) = preSolution
		Debug|Any CPU = Debug|Any CPU
		Release|Any CPU = Release|Any CPU
	EndGlobalSection
	GlobalSection(ProjectConfigurationPlatforms) = postSolution
		{00FFDBFF-2D52-4AE3-86EA-1415CBB83E87}.Debug|Any CPU.ActiveCfg = Debug|Any CPU
		{00FFDBFF-2D52-4AE3-86EA-1415CBB83E87}.Debug|Any CPU.Build.0 = Debug|Any CPU
		{00FFDBFF-2D52-4AE3-86EA-1415CBB83E87}.Release|Any CPU.ActiveCfg = Release|Any CPU
		{00FFDBFF-2D52-4AE3-86EA-1415CBB83E87}.Release|Any CPU.Build.0 = Release|Any CPU
	EndGlobalSection
	GlobalSection(SolutionProperties) = preSolution
		HideSolutionNode = FALSE
	EndGlobalSection
	GlobalSection(ExtensibilityGlobals) = postSolution
		SolutionGuid = {72B4BD37-952A-442C-A94E-0ED808D58416}
	EndGlobalSection
EndGlobal
