
Microsoft Visual Studio Solution File, Format Version 12.00
# Visual Studio 15
VisualStudioVersion = 15.0.28307.271
MinimumVisualStudioVersion = 10.0.40219.1
Project("{9092AA53-FB77-4645-B42D-1CCCA6BD08BD}") = "SoftuniWiki", "SoftuniWiki.njsproj", "{EF99AB8A-95D8-4E4B-BB9B-50BAB4D29CD1}"
EndProject
Global
	GlobalSection(SolutionConfigurationPlatforms) = preSolution
		Debug|Any CPU = Debug|Any CPU
		Release|Any CPU = Release|Any CPU
	EndGlobalSection
	GlobalSection(ProjectConfigurationPlatforms) = postSolution
		{EF99AB8A-95D8-4E4B-BB9B-50BAB4D29CD1}.Debug|Any CPU.ActiveCfg = Debug|Any CPU
		{EF99AB8A-95D8-4E4B-BB9B-50BAB4D29CD1}.Debug|Any CPU.Build.0 = Debug|Any CPU
		{EF99AB8A-95D8-4E4B-BB9B-50BAB4D29CD1}.Release|Any CPU.ActiveCfg = Release|Any CPU
		{EF99AB8A-95D8-4E4B-BB9B-50BAB4D29CD1}.Release|Any CPU.Build.0 = Release|Any CPU
	EndGlobalSection
	GlobalSection(SolutionProperties) = preSolution
		HideSolutionNode = FALSE
	EndGlobalSection
	GlobalSection(ExtensibilityGlobals) = postSolution
		SolutionGuid = {D79446B1-EE0A-4D03-B203-CD67B44FC66E}
	EndGlobalSection
EndGlobal
