
Microsoft Visual Studio Solution File, Format Version 12.00
# Visual Studio 15
VisualStudioVersion = 15.0.28307.271
MinimumVisualStudioVersion = 10.0.40219.1
Project("{9092AA53-FB77-4645-B42D-1CCCA6BD08BD}") = "CarRental", "CarRental.njsproj", "{D293160D-99A7-4278-AD60-16C58FB58054}"
EndProject
Global
	GlobalSection(SolutionConfigurationPlatforms) = preSolution
		Debug|Any CPU = Debug|Any CPU
		Release|Any CPU = Release|Any CPU
	EndGlobalSection
	GlobalSection(ProjectConfigurationPlatforms) = postSolution
		{D293160D-99A7-4278-AD60-16C58FB58054}.Debug|Any CPU.ActiveCfg = Debug|Any CPU
		{D293160D-99A7-4278-AD60-16C58FB58054}.Debug|Any CPU.Build.0 = Debug|Any CPU
		{D293160D-99A7-4278-AD60-16C58FB58054}.Release|Any CPU.ActiveCfg = Release|Any CPU
		{D293160D-99A7-4278-AD60-16C58FB58054}.Release|Any CPU.Build.0 = Release|Any CPU
	EndGlobalSection
	GlobalSection(SolutionProperties) = preSolution
		HideSolutionNode = FALSE
	EndGlobalSection
	GlobalSection(ExtensibilityGlobals) = postSolution
		SolutionGuid = {1225D391-D65F-4B73-A74E-6D6B654AA03F}
	EndGlobalSection
EndGlobal
